
Microsoft Visual Studio Solution File, Format Version 12.00
# Visual Studio Version 17
VisualStudioVersion = 17.2.32526.322
MinimumVisualStudioVersion = 10.0.40219.1
Project("{9A19103F-16F7-4668-BE54-9A1E7A4F7556}") = "Practica.API", "Práctica Platform\Practica.API.csproj", "{0B1A8BD9-6059-4463-BAC7-9FCE2A57C7F3}"
EndProject
Project("{9A19103F-16F7-4668-BE54-9A1E7A4F7556}") = "Practica.Domain", "Practica.Domain\Practica.Domain.csproj", "{AB57C605-E3D0-4E40-ACC8-94E184D8E722}"
EndProject
Project("{9A19103F-16F7-4668-BE54-9A1E7A4F7556}") = "Practica.Infraestructure", "Practica.Infraestructure\Practica.Infraestructure.csproj", "{3C8F48D7-AAB2-4BED-8A63-D0948187B3CB}"
EndProject
Project("{9A19103F-16F7-4668-BE54-9A1E7A4F7556}") = "Practica.Application", "Practica.Application\Practica.Application.csproj", "{653AB47B-C73E-488B-9BD4-C4AD4E00C829}"
EndProject
Project("{FAE04EC0-301F-11D3-BF4B-00C04F79EFBC}") = "Practica.Consumer", "Practica.Consumer\Practica.Consumer.csproj", "{8BBE61EC-FE87-409D-92D0-FBEC585B9434}"
EndProject
Global
	GlobalSection(SolutionConfigurationPlatforms) = preSolution
		Debug|Any CPU = Debug|Any CPU
		Release|Any CPU = Release|Any CPU
	EndGlobalSection
	GlobalSection(ProjectConfigurationPlatforms) = postSolution
		{0B1A8BD9-6059-4463-BAC7-9FCE2A57C7F3}.Debug|Any CPU.ActiveCfg = Debug|Any CPU
		{0B1A8BD9-6059-4463-BAC7-9FCE2A57C7F3}.Debug|Any CPU.Build.0 = Debug|Any CPU
		{0B1A8BD9-6059-4463-BAC7-9FCE2A57C7F3}.Release|Any CPU.ActiveCfg = Release|Any CPU
		{0B1A8BD9-6059-4463-BAC7-9FCE2A57C7F3}.Release|Any CPU.Build.0 = Release|Any CPU
		{AB57C605-E3D0-4E40-ACC8-94E184D8E722}.Debug|Any CPU.ActiveCfg = Debug|Any CPU
		{AB57C605-E3D0-4E40-ACC8-94E184D8E722}.Debug|Any CPU.Build.0 = Debug|Any CPU
		{AB57C605-E3D0-4E40-ACC8-94E184D8E722}.Release|Any CPU.ActiveCfg = Release|Any CPU
		{AB57C605-E3D0-4E40-ACC8-94E184D8E722}.Release|Any CPU.Build.0 = Release|Any CPU
		{3C8F48D7-AAB2-4BED-8A63-D0948187B3CB}.Debug|Any CPU.ActiveCfg = Debug|Any CPU
		{3C8F48D7-AAB2-4BED-8A63-D0948187B3CB}.Debug|Any CPU.Build.0 = Debug|Any CPU
		{3C8F48D7-AAB2-4BED-8A63-D0948187B3CB}.Release|Any CPU.ActiveCfg = Release|Any CPU
		{3C8F48D7-AAB2-4BED-8A63-D0948187B3CB}.Release|Any CPU.Build.0 = Release|Any CPU
		{653AB47B-C73E-488B-9BD4-C4AD4E00C829}.Debug|Any CPU.ActiveCfg = Debug|Any CPU
		{653AB47B-C73E-488B-9BD4-C4AD4E00C829}.Debug|Any CPU.Build.0 = Debug|Any CPU
		{653AB47B-C73E-488B-9BD4-C4AD4E00C829}.Release|Any CPU.ActiveCfg = Release|Any CPU
		{653AB47B-C73E-488B-9BD4-C4AD4E00C829}.Release|Any CPU.Build.0 = Release|Any CPU
		{8BBE61EC-FE87-409D-92D0-FBEC585B9434}.Debug|Any CPU.ActiveCfg = Debug|Any CPU
		{8BBE61EC-FE87-409D-92D0-FBEC585B9434}.Debug|Any CPU.Build.0 = Debug|Any CPU
		{8BBE61EC-FE87-409D-92D0-FBEC585B9434}.Release|Any CPU.ActiveCfg = Release|Any CPU
		{8BBE61EC-FE87-409D-92D0-FBEC585B9434}.Release|Any CPU.Build.0 = Release|Any CPU
	EndGlobalSection
	GlobalSection(SolutionProperties) = preSolution
		HideSolutionNode = FALSE
	EndGlobalSection
	GlobalSection(ExtensibilityGlobals) = postSolution
		SolutionGuid = {004EE222-8BDC-499C-88A3-1117AF475B57}
	EndGlobalSection
EndGlobal
